
Microsoft Visual Studio Solution File, Format Version 12.00
# Visual Studio Version 17
VisualStudioVersion = 17.3.32901.215
MinimumVisualStudioVersion = 10.0.40219.1
Project("{9A19103F-16F7-4668-BE54-9A1E7A4F7556}") = "variables", "variables\variables.csproj", "{1C15CA14-CC43-4334-AC03-B8EF461632BC}"
EndProject
Project("{9A19103F-16F7-4668-BE54-9A1E7A4F7556}") = "boolean_types_and_operator", "boolean_types_and_operator\boolean_types_and_operator.csproj", "{95EE1835-7EB3-4A94-8F00-5934DAF075AE}"
EndProject
Project("{9A19103F-16F7-4668-BE54-9A1E7A4F7556}") = "array", "array\array.csproj", "{F26388CE-21B9-4775-913B-0C936F9957D6}"
EndProject
Project("{9A19103F-16F7-4668-BE54-9A1E7A4F7556}") = "Expressions", "Expressions\Expressions.csproj", "{52FD3598-1186-48F2-8553-826835BA6D91}"
EndProject
Project("{9A19103F-16F7-4668-BE54-9A1E7A4F7556}") = "Statments_And_Blocks", "Statments_And_Blocks\Statments_And_Blocks.csproj", "{8188E5BF-C815-462D-98DF-31C58C443A76}"
EndProject
Project("{9A19103F-16F7-4668-BE54-9A1E7A4F7556}") = "loops", "loops\loops.csproj", "{CA2DCCEC-358F-4366-8D4C-B2465C6D3DCD}"
EndProject
Project("{9A19103F-16F7-4668-BE54-9A1E7A4F7556}") = "Casting_and_type_conversions", "Casting_and_type_conversions\Casting_and_type_conversions.csproj", "{D709E2DF-4F7F-4CCF-8BF4-06D614404B77}"
EndProject
Project("{9A19103F-16F7-4668-BE54-9A1E7A4F7556}") = "Fields__Constats", "Fields__Constats\Fields__Constats.csproj", "{BF1BFACD-6134-4512-AE1C-D2C6B3D9B495}"
EndProject
Project("{9A19103F-16F7-4668-BE54-9A1E7A4F7556}") = "Methods", "Methods\Methods.csproj", "{2A9FE12F-FF91-44B4-963D-16511B3B8BC7}"
EndProject
Project("{9A19103F-16F7-4668-BE54-9A1E7A4F7556}") = "Constructor", "Constructor\Constructor.csproj", "{D1D4BEA0-D6C3-4521-9BCE-7ECDF0755BC9}"
EndProject
Project("{9A19103F-16F7-4668-BE54-9A1E7A4F7556}") = "project", "project\project.csproj", "{2EB577CE-B929-4BB1-96E3-566B7D8A13A7}"
EndProject
Project("{9A19103F-16F7-4668-BE54-9A1E7A4F7556}") = "Properties", "Properties\Properties.csproj", "{2E5799AA-1BD2-4CC1-A6BE-F8A15A2CBA7C}"
EndProject
Project("{9A19103F-16F7-4668-BE54-9A1E7A4F7556}") = "Indexer_", "Indexer_\Indexer_.csproj", "{FF51026C-33AB-499D-8227-BA9F0124CB5D}"
EndProject
Project("{FAE04EC0-301F-11D3-BF4B-00C04F79EFBC}") = "Delegate", "Delegate\Delegate.csproj", "{354E5325-1FE7-44CB-9737-F1D244B34642}"
EndProject
Global
	GlobalSection(SolutionConfigurationPlatforms) = preSolution
		Debug|Any CPU = Debug|Any CPU
		Release|Any CPU = Release|Any CPU
	EndGlobalSection
	GlobalSection(ProjectConfigurationPlatforms) = postSolution
		{1C15CA14-CC43-4334-AC03-B8EF461632BC}.Debug|Any CPU.ActiveCfg = Debug|Any CPU
		{1C15CA14-CC43-4334-AC03-B8EF461632BC}.Debug|Any CPU.Build.0 = Debug|Any CPU
		{1C15CA14-CC43-4334-AC03-B8EF461632BC}.Release|Any CPU.ActiveCfg = Release|Any CPU
		{1C15CA14-CC43-4334-AC03-B8EF461632BC}.Release|Any CPU.Build.0 = Release|Any CPU
		{95EE1835-7EB3-4A94-8F00-5934DAF075AE}.Debug|Any CPU.ActiveCfg = Debug|Any CPU
		{95EE1835-7EB3-4A94-8F00-5934DAF075AE}.Debug|Any CPU.Build.0 = Debug|Any CPU
		{95EE1835-7EB3-4A94-8F00-5934DAF075AE}.Release|Any CPU.ActiveCfg = Release|Any CPU
		{95EE1835-7EB3-4A94-8F00-5934DAF075AE}.Release|Any CPU.Build.0 = Release|Any CPU
		{F26388CE-21B9-4775-913B-0C936F9957D6}.Debug|Any CPU.ActiveCfg = Debug|Any CPU
		{F26388CE-21B9-4775-913B-0C936F9957D6}.Debug|Any CPU.Build.0 = Debug|Any CPU
		{F26388CE-21B9-4775-913B-0C936F9957D6}.Release|Any CPU.ActiveCfg = Release|Any CPU
		{F26388CE-21B9-4775-913B-0C936F9957D6}.Release|Any CPU.Build.0 = Release|Any CPU
		{52FD3598-1186-48F2-8553-826835BA6D91}.Debug|Any CPU.ActiveCfg = Debug|Any CPU
		{52FD3598-1186-48F2-8553-826835BA6D91}.Debug|Any CPU.Build.0 = Debug|Any CPU
		{52FD3598-1186-48F2-8553-826835BA6D91}.Release|Any CPU.ActiveCfg = Release|Any CPU
		{52FD3598-1186-48F2-8553-826835BA6D91}.Release|Any CPU.Build.0 = Release|Any CPU
		{8188E5BF-C815-462D-98DF-31C58C443A76}.Debug|Any CPU.ActiveCfg = Debug|Any CPU
		{8188E5BF-C815-462D-98DF-31C58C443A76}.Debug|Any CPU.Build.0 = Debug|Any CPU
		{8188E5BF-C815-462D-98DF-31C58C443A76}.Release|Any CPU.ActiveCfg = Release|Any CPU
		{8188E5BF-C815-462D-98DF-31C58C443A76}.Release|Any CPU.Build.0 = Release|Any CPU
		{CA2DCCEC-358F-4366-8D4C-B2465C6D3DCD}.Debug|Any CPU.ActiveCfg = Debug|Any CPU
		{CA2DCCEC-358F-4366-8D4C-B2465C6D3DCD}.Debug|Any CPU.Build.0 = Debug|Any CPU
		{CA2DCCEC-358F-4366-8D4C-B2465C6D3DCD}.Release|Any CPU.ActiveCfg = Release|Any CPU
		{CA2DCCEC-358F-4366-8D4C-B2465C6D3DCD}.Release|Any CPU.Build.0 = Release|Any CPU
		{D709E2DF-4F7F-4CCF-8BF4-06D614404B77}.Debug|Any CPU.ActiveCfg = Debug|Any CPU
		{D709E2DF-4F7F-4CCF-8BF4-06D614404B77}.Debug|Any CPU.Build.0 = Debug|Any CPU
		{D709E2DF-4F7F-4CCF-8BF4-06D614404B77}.Release|Any CPU.ActiveCfg = Release|Any CPU
		{D709E2DF-4F7F-4CCF-8BF4-06D614404B77}.Release|Any CPU.Build.0 = Release|Any CPU
		{BF1BFACD-6134-4512-AE1C-D2C6B3D9B495}.Debug|Any CPU.ActiveCfg = Debug|Any CPU
		{BF1BFACD-6134-4512-AE1C-D2C6B3D9B495}.Debug|Any CPU.Build.0 = Debug|Any CPU
		{BF1BFACD-6134-4512-AE1C-D2C6B3D9B495}.Release|Any CPU.ActiveCfg = Release|Any CPU
		{BF1BFACD-6134-4512-AE1C-D2C6B3D9B495}.Release|Any CPU.Build.0 = Release|Any CPU
		{2A9FE12F-FF91-44B4-963D-16511B3B8BC7}.Debug|Any CPU.ActiveCfg = Debug|Any CPU
		{2A9FE12F-FF91-44B4-963D-16511B3B8BC7}.Debug|Any CPU.Build.0 = Debug|Any CPU
		{2A9FE12F-FF91-44B4-963D-16511B3B8BC7}.Release|Any CPU.ActiveCfg = Release|Any CPU
		{2A9FE12F-FF91-44B4-963D-16511B3B8BC7}.Release|Any CPU.Build.0 = Release|Any CPU
		{D1D4BEA0-D6C3-4521-9BCE-7ECDF0755BC9}.Debug|Any CPU.ActiveCfg = Debug|Any CPU
		{D1D4BEA0-D6C3-4521-9BCE-7ECDF0755BC9}.Debug|Any CPU.Build.0 = Debug|Any CPU
		{D1D4BEA0-D6C3-4521-9BCE-7ECDF0755BC9}.Release|Any CPU.ActiveCfg = Release|Any CPU
		{D1D4BEA0-D6C3-4521-9BCE-7ECDF0755BC9}.Release|Any CPU.Build.0 = Release|Any CPU
		{2EB577CE-B929-4BB1-96E3-566B7D8A13A7}.Debug|Any CPU.ActiveCfg = Debug|Any CPU
		{2EB577CE-B929-4BB1-96E3-566B7D8A13A7}.Debug|Any CPU.Build.0 = Debug|Any CPU
		{2EB577CE-B929-4BB1-96E3-566B7D8A13A7}.Release|Any CPU.ActiveCfg = Release|Any CPU
		{2EB577CE-B929-4BB1-96E3-566B7D8A13A7}.Release|Any CPU.Build.0 = Release|Any CPU
		{2E5799AA-1BD2-4CC1-A6BE-F8A15A2CBA7C}.Debug|Any CPU.ActiveCfg = Debug|Any CPU
		{2E5799AA-1BD2-4CC1-A6BE-F8A15A2CBA7C}.Debug|Any CPU.Build.0 = Debug|Any CPU
		{2E5799AA-1BD2-4CC1-A6BE-F8A15A2CBA7C}.Release|Any CPU.ActiveCfg = Release|Any CPU
		{2E5799AA-1BD2-4CC1-A6BE-F8A15A2CBA7C}.Release|Any CPU.Build.0 = Release|Any CPU
		{FF51026C-33AB-499D-8227-BA9F0124CB5D}.Debug|Any CPU.ActiveCfg = Debug|Any CPU
		{FF51026C-33AB-499D-8227-BA9F0124CB5D}.Debug|Any CPU.Build.0 = Debug|Any CPU
		{FF51026C-33AB-499D-8227-BA9F0124CB5D}.Release|Any CPU.ActiveCfg = Release|Any CPU
		{FF51026C-33AB-499D-8227-BA9F0124CB5D}.Release|Any CPU.Build.0 = Release|Any CPU
		{354E5325-1FE7-44CB-9737-F1D244B34642}.Debug|Any CPU.ActiveCfg = Debug|Any CPU
		{354E5325-1FE7-44CB-9737-F1D244B34642}.Debug|Any CPU.Build.0 = Debug|Any CPU
		{354E5325-1FE7-44CB-9737-F1D244B34642}.Release|Any CPU.ActiveCfg = Release|Any CPU
		{354E5325-1FE7-44CB-9737-F1D244B34642}.Release|Any CPU.Build.0 = Release|Any CPU
	EndGlobalSection
	GlobalSection(SolutionProperties) = preSolution
		HideSolutionNode = FALSE
	EndGlobalSection
	GlobalSection(ExtensibilityGlobals) = postSolution
		SolutionGuid = {DFCE5679-18B6-4A93-B853-F5045CFDED1F}
	EndGlobalSection
EndGlobal
